// !$*UTF8*$!
{
	archiveVersion = 1;
	classes = {
	};
	objectVersion = 46;
	objects = {

/* Begin PBXBuildFile section */
		35E20C5BA01EAC18E8D5E2B2 /* Pods_appnews.framework in Frameworks */ = {isa = PBXBuildFile; fileRef = DF6443A0C03D230077A8909B /* Pods_appnews.framework */; };
		EC2A15491DA292CE000BE4B5 /* Alamofire.framework in Frameworks */ = {isa = PBXBuildFile; fileRef = EC2A15481DA292CE000BE4B5 /* Alamofire.framework */; };
		EC44BD0C1DA28B74006EA3A2 /* AppDelegate.swift in Sources */ = {isa = PBXBuildFile; fileRef = EC44BD0B1DA28B74006EA3A2 /* AppDelegate.swift */; };
		EC44BD0E1DA28B74006EA3A2 /* ViewController.swift in Sources */ = {isa = PBXBuildFile; fileRef = EC44BD0D1DA28B74006EA3A2 /* ViewController.swift */; };
		EC44BD111DA28B74006EA3A2 /* Main.storyboard in Resources */ = {isa = PBXBuildFile; fileRef = EC44BD0F1DA28B74006EA3A2 /* Main.storyboard */; };
		EC44BD131DA28B74006EA3A2 /* Assets.xcassets in Resources */ = {isa = PBXBuildFile; fileRef = EC44BD121DA28B74006EA3A2 /* Assets.xcassets */; };
		EC44BD161DA28B74006EA3A2 /* LaunchScreen.storyboard in Resources */ = {isa = PBXBuildFile; fileRef = EC44BD141DA28B74006EA3A2 /* LaunchScreen.storyboard */; };
		EC44BD211DA28B74006EA3A2 /* appnewsTests.swift in Sources */ = {isa = PBXBuildFile; fileRef = EC44BD201DA28B74006EA3A2 /* appnewsTests.swift */; };
		EC44BD2C1DA28B74006EA3A2 /* appnewsUITests.swift in Sources */ = {isa = PBXBuildFile; fileRef = EC44BD2B1DA28B74006EA3A2 /* appnewsUITests.swift */; };
		EC6995DB1DA2A10500CEAE27 /* FeedTableViewCell.swift in Sources */ = {isa = PBXBuildFile; fileRef = EC6995DA1DA2A10500CEAE27 /* FeedTableViewCell.swift */; };
		EC6995DD1DA2A4ED00CEAE27 /* FeedTableViewController.swift in Sources */ = {isa = PBXBuildFile; fileRef = EC6995DC1DA2A4ED00CEAE27 /* FeedTableViewController.swift */; };
		EC6995E01DA2A86B00CEAE27 /* News.swift in Sources */ = {isa = PBXBuildFile; fileRef = EC6995DF1DA2A86B00CEAE27 /* News.swift */; };
		ECDC0F231DA3EF1200FFFC26 /* ImageLoader.swift in Sources */ = {isa = PBXBuildFile; fileRef = ECDC0F221DA3EF1200FFFC26 /* ImageLoader.swift */; };
		ECDC0F261DA3F5BC00FFFC26 /* BreakingViewController.swift in Sources */ = {isa = PBXBuildFile; fileRef = ECDC0F251DA3F5BC00FFFC26 /* BreakingViewController.swift */; };
/* End PBXBuildFile section */

/* Begin PBXContainerItemProxy section */
		EC44BD1D1DA28B74006EA3A2 /* PBXContainerItemProxy */ = {
			isa = PBXContainerItemProxy;
			containerPortal = EC44BD001DA28B74006EA3A2 /* Project object */;
			proxyType = 1;
			remoteGlobalIDString = EC44BD071DA28B74006EA3A2;
			remoteInfo = appnews;
		};
		EC44BD281DA28B74006EA3A2 /* PBXContainerItemProxy */ = {
			isa = PBXContainerItemProxy;
			containerPortal = EC44BD001DA28B74006EA3A2 /* Project object */;
			proxyType = 1;
			remoteGlobalIDString = EC44BD071DA28B74006EA3A2;
			remoteInfo = appnews;
		};
/* End PBXContainerItemProxy section */

/* Begin PBXFileReference section */
		B2AD5575BFA3681868031DD8 /* Pods-appnews.debug.xcconfig */ = {isa = PBXFileReference; includeInIndex = 1; lastKnownFileType = text.xcconfig; name = "Pods-appnews.debug.xcconfig"; path = "Pods/Target Support Files/Pods-appnews/Pods-appnews.debug.xcconfig"; sourceTree = "<group>"; };
		DA526C2382453309ECDF9B01 /* Pods-appnews.release.xcconfig */ = {isa = PBXFileReference; includeInIndex = 1; lastKnownFileType = text.xcconfig; name = "Pods-appnews.release.xcconfig"; path = "Pods/Target Support Files/Pods-appnews/Pods-appnews.release.xcconfig"; sourceTree = "<group>"; };
		DF6443A0C03D230077A8909B /* Pods_appnews.framework */ = {isa = PBXFileReference; explicitFileType = wrapper.framework; includeInIndex = 0; path = Pods_appnews.framework; sourceTree = BUILT_PRODUCTS_DIR; };
		EC2A15481DA292CE000BE4B5 /* Alamofire.framework */ = {isa = PBXFileReference; lastKnownFileType = wrapper.framework; name = Alamofire.framework; path = "../../../../Library/Developer/Xcode/DerivedData/appnews-fwnnxippmhowzjdbdrrybshyabwb/Build/Products/Debug-iphonesimulator/Alamofire/Alamofire.framework"; sourceTree = "<group>"; };
		EC44BD081DA28B74006EA3A2 /* appnews.app */ = {isa = PBXFileReference; explicitFileType = wrapper.application; includeInIndex = 0; path = appnews.app; sourceTree = BUILT_PRODUCTS_DIR; };
		EC44BD0B1DA28B74006EA3A2 /* AppDelegate.swift */ = {isa = PBXFileReference; lastKnownFileType = sourcecode.swift; path = AppDelegate.swift; sourceTree = "<group>"; };
		EC44BD0D1DA28B74006EA3A2 /* ViewController.swift */ = {isa = PBXFileReference; lastKnownFileType = sourcecode.swift; path = ViewController.swift; sourceTree = "<group>"; };
		EC44BD101DA28B74006EA3A2 /* Base */ = {isa = PBXFileReference; lastKnownFileType = file.storyboard; name = Base; path = Base.lproj/Main.storyboard; sourceTree = "<group>"; };
		EC44BD121DA28B74006EA3A2 /* Assets.xcassets */ = {isa = PBXFileReference; lastKnownFileType = folder.assetcatalog; path = Assets.xcassets; sourceTree = "<group>"; };
		EC44BD151DA28B74006EA3A2 /* Base */ = {isa = PBXFileReference; lastKnownFileType = file.storyboard; name = Base; path = Base.lproj/LaunchScreen.storyboard; sourceTree = "<group>"; };
		EC44BD171DA28B74006EA3A2 /* Info.plist */ = {isa = PBXFileReference; lastKnownFileType = text.plist.xml; path = Info.plist; sourceTree = "<group>"; };
		EC44BD1C1DA28B74006EA3A2 /* appnewsTests.xctest */ = {isa = PBXFileReference; explicitFileType = wrapper.cfbundle; includeInIndex = 0; path = appnewsTests.xctest; sourceTree = BUILT_PRODUCTS_DIR; };
		EC44BD201DA28B74006EA3A2 /* appnewsTests.swift */ = {isa = PBXFileReference; lastKnownFileType = sourcecode.swift; path = appnewsTests.swift; sourceTree = "<group>"; };
		EC44BD221DA28B74006EA3A2 /* Info.plist */ = {isa = PBXFileReference; lastKnownFileType = text.plist.xml; path = Info.plist; sourceTree = "<group>"; };
		EC44BD271DA28B74006EA3A2 /* appnewsUITests.xctest */ = {isa = PBXFileReference; explicitFileType = wrapper.cfbundle; includeInIndex = 0; path = appnewsUITests.xctest; sourceTree = BUILT_PRODUCTS_DIR; };
		EC44BD2B1DA28B74006EA3A2 /* appnewsUITests.swift */ = {isa = PBXFileReference; lastKnownFileType = sourcecode.swift; path = appnewsUITests.swift; sourceTree = "<group>"; };
		EC44BD2D1DA28B74006EA3A2 /* Info.plist */ = {isa = PBXFileReference; lastKnownFileType = text.plist.xml; path = Info.plist; sourceTree = "<group>"; };
		EC6995DA1DA2A10500CEAE27 /* FeedTableViewCell.swift */ = {isa = PBXFileReference; fileEncoding = 4; lastKnownFileType = sourcecode.swift; path = FeedTableViewCell.swift; sourceTree = "<group>"; };
		EC6995DC1DA2A4ED00CEAE27 /* FeedTableViewController.swift */ = {isa = PBXFileReference; fileEncoding = 4; lastKnownFileType = sourcecode.swift; path = FeedTableViewController.swift; sourceTree = "<group>"; };
		EC6995DF1DA2A86B00CEAE27 /* News.swift */ = {isa = PBXFileReference; fileEncoding = 4; lastKnownFileType = sourcecode.swift; path = News.swift; sourceTree = "<group>"; };
		ECDC0F221DA3EF1200FFFC26 /* ImageLoader.swift */ = {isa = PBXFileReference; fileEncoding = 4; lastKnownFileType = sourcecode.swift; path = ImageLoader.swift; sourceTree = "<group>"; };
		ECDC0F251DA3F5BC00FFFC26 /* BreakingViewController.swift */ = {isa = PBXFileReference; fileEncoding = 4; lastKnownFileType = sourcecode.swift; path = BreakingViewController.swift; sourceTree = "<group>"; };
/* End PBXFileReference section */

/* Begin PBXFrameworksBuildPhase section */
		EC44BD051DA28B74006EA3A2 /* Frameworks */ = {
			isa = PBXFrameworksBuildPhase;
			buildActionMask = 2147483647;
			files = (
				EC2A15491DA292CE000BE4B5 /* Alamofire.framework in Frameworks */,
				35E20C5BA01EAC18E8D5E2B2 /* Pods_appnews.framework in Frameworks */,
			);
			runOnlyForDeploymentPostprocessing = 0;
		};
		EC44BD191DA28B74006EA3A2 /* Frameworks */ = {
			isa = PBXFrameworksBuildPhase;
			buildActionMask = 2147483647;
			files = (
			);
			runOnlyForDeploymentPostprocessing = 0;
		};
		EC44BD241DA28B74006EA3A2 /* Frameworks */ = {
			isa = PBXFrameworksBuildPhase;
			buildActionMask = 2147483647;
			files = (
			);
			runOnlyForDeploymentPostprocessing = 0;
		};
/* End PBXFrameworksBuildPhase section */

/* Begin PBXGroup section */
		06C4429AA512F5B4B93DF568 /* Pods */ = {
			isa = PBXGroup;
			children = (
				B2AD5575BFA3681868031DD8 /* Pods-appnews.debug.xcconfig */,
				DA526C2382453309ECDF9B01 /* Pods-appnews.release.xcconfig */,
			);
			name = Pods;
			sourceTree = "<group>";
		};
		BCFF334A646D9022EF71A9D4 /* Frameworks */ = {
			isa = PBXGroup;
			children = (
				EC2A15481DA292CE000BE4B5 /* Alamofire.framework */,
				DF6443A0C03D230077A8909B /* Pods_appnews.framework */,
			);
			name = Frameworks;
			sourceTree = "<group>";
		};
		EC44BCFF1DA28B74006EA3A2 = {
			isa = PBXGroup;
			children = (
				EC44BD0A1DA28B74006EA3A2 /* appnews */,
				EC44BD1F1DA28B74006EA3A2 /* appnewsTests */,
				EC44BD2A1DA28B74006EA3A2 /* appnewsUITests */,
				EC44BD091DA28B74006EA3A2 /* Products */,
				06C4429AA512F5B4B93DF568 /* Pods */,
				BCFF334A646D9022EF71A9D4 /* Frameworks */,
			);
			sourceTree = "<group>";
		};
		EC44BD091DA28B74006EA3A2 /* Products */ = {
			isa = PBXGroup;
			children = (
				EC44BD081DA28B74006EA3A2 /* appnews.app */,
				EC44BD1C1DA28B74006EA3A2 /* appnewsTests.xctest */,
				EC44BD271DA28B74006EA3A2 /* appnewsUITests.xctest */,
			);
			name = Products;
			sourceTree = "<group>";
		};
		EC44BD0A1DA28B74006EA3A2 /* appnews */ = {
			isa = PBXGroup;
			children = (
				ECDC0F241DA3F59800FFFC26 /* views */,
				ECDC0F211DA3EEF300FFFC26 /* helpers */,
				EC6995DE1DA2A7C600CEAE27 /* model */,
				EC44BD0B1DA28B74006EA3A2 /* AppDelegate.swift */,
				EC44BD0D1DA28B74006EA3A2 /* ViewController.swift */,
				EC44BD0F1DA28B74006EA3A2 /* Main.storyboard */,
				EC44BD121DA28B74006EA3A2 /* Assets.xcassets */,
				EC44BD141DA28B74006EA3A2 /* LaunchScreen.storyboard */,
				EC44BD171DA28B74006EA3A2 /* Info.plist */,
				EC6995DA1DA2A10500CEAE27 /* FeedTableViewCell.swift */,
				EC6995DC1DA2A4ED00CEAE27 /* FeedTableViewController.swift */,
			);
			path = appnews;
			sourceTree = "<group>";
		};
		EC44BD1F1DA28B74006EA3A2 /* appnewsTests */ = {
			isa = PBXGroup;
			children = (
				EC44BD201DA28B74006EA3A2 /* appnewsTests.swift */,
				EC44BD221DA28B74006EA3A2 /* Info.plist */,
			);
			path = appnewsTests;
			sourceTree = "<group>";
		};
		EC44BD2A1DA28B74006EA3A2 /* appnewsUITests */ = {
			isa = PBXGroup;
			children = (
				EC44BD2B1DA28B74006EA3A2 /* appnewsUITests.swift */,
				EC44BD2D1DA28B74006EA3A2 /* Info.plist */,
			);
			path = appnewsUITests;
			sourceTree = "<group>";
		};
		EC6995DE1DA2A7C600CEAE27 /* model */ = {
			isa = PBXGroup;
			children = (
				EC6995DF1DA2A86B00CEAE27 /* News.swift */,
			);
			name = model;
			sourceTree = "<group>";
		};
		ECDC0F211DA3EEF300FFFC26 /* helpers */ = {
			isa = PBXGroup;
			children = (
				ECDC0F221DA3EF1200FFFC26 /* ImageLoader.swift */,
			);
			name = helpers;
			sourceTree = "<group>";
		};
		ECDC0F241DA3F59800FFFC26 /* views */ = {
			isa = PBXGroup;
			children = (
				ECDC0F251DA3F5BC00FFFC26 /* BreakingViewController.swift */,
			);
			name = views;
			sourceTree = "<group>";
		};
/* End PBXGroup section */

/* Begin PBXNativeTarget section */
		EC44BD071DA28B74006EA3A2 /* appnews */ = {
			isa = PBXNativeTarget;
			buildConfigurationList = EC44BD301DA28B74006EA3A2 /* Build configuration list for PBXNativeTarget "appnews" */;
			buildPhases = (
				8DAC51A9A4507ACF26AB2BE2 /* [CP] Check Pods Manifest.lock */,
				EC44BD041DA28B74006EA3A2 /* Sources */,
				EC44BD051DA28B74006EA3A2 /* Frameworks */,
				EC44BD061DA28B74006EA3A2 /* Resources */,
				0562EF4C443E9F75A11DCA84 /* [CP] Embed Pods Frameworks */,
				7203BE1CD87DBA403E892544 /* [CP] Copy Pods Resources */,
			);
			buildRules = (
			);
			dependencies = (
			);
			name = appnews;
			productName = appnews;
			productReference = EC44BD081DA28B74006EA3A2 /* appnews.app */;
			productType = "com.apple.product-type.application";
		};
		EC44BD1B1DA28B74006EA3A2 /* appnewsTests */ = {
			isa = PBXNativeTarget;
			buildConfigurationList = EC44BD331DA28B74006EA3A2 /* Build configuration list for PBXNativeTarget "appnewsTests" */;
			buildPhases = (
				EC44BD181DA28B74006EA3A2 /* Sources */,
				EC44BD191DA28B74006EA3A2 /* Frameworks */,
				EC44BD1A1DA28B74006EA3A2 /* Resources */,
			);
			buildRules = (
			);
			dependencies = (
				EC44BD1E1DA28B74006EA3A2 /* PBXTargetDependency */,
			);
			name = appnewsTests;
			productName = appnewsTests;
			productReference = EC44BD1C1DA28B74006EA3A2 /* appnewsTests.xctest */;
			productType = "com.apple.product-type.bundle.unit-test";
		};
		EC44BD261DA28B74006EA3A2 /* appnewsUITests */ = {
			isa = PBXNativeTarget;
			buildConfigurationList = EC44BD361DA28B74006EA3A2 /* Build configuration list for PBXNativeTarget "appnewsUITests" */;
			buildPhases = (
				EC44BD231DA28B74006EA3A2 /* Sources */,
				EC44BD241DA28B74006EA3A2 /* Frameworks */,
				EC44BD251DA28B74006EA3A2 /* Resources */,
			);
			buildRules = (
			);
			dependencies = (
				EC44BD291DA28B74006EA3A2 /* PBXTargetDependency */,
			);
			name = appnewsUITests;
			productName = appnewsUITests;
			productReference = EC44BD271DA28B74006EA3A2 /* appnewsUITests.xctest */;
			productType = "com.apple.product-type.bundle.ui-testing";
		};
/* End PBXNativeTarget section */

/* Begin PBXProject section */
		EC44BD001DA28B74006EA3A2 /* Project object */ = {
			isa = PBXProject;
			attributes = {
				LastSwiftUpdateCheck = 0730;
				LastUpgradeCheck = 0730;
				ORGANIZATIONNAME = "Taller de Código";
				TargetAttributes = {
					EC44BD071DA28B74006EA3A2 = {
						CreatedOnToolsVersion = 7.3;
					};
					EC44BD1B1DA28B74006EA3A2 = {
						CreatedOnToolsVersion = 7.3;
						TestTargetID = EC44BD071DA28B74006EA3A2;
					};
					EC44BD261DA28B74006EA3A2 = {
						CreatedOnToolsVersion = 7.3;
						TestTargetID = EC44BD071DA28B74006EA3A2;
					};
				};
			};
			buildConfigurationList = EC44BD031DA28B74006EA3A2 /* Build configuration list for PBXProject "appnews" */;
			compatibilityVersion = "Xcode 3.2";
			developmentRegion = English;
			hasScannedForEncodings = 0;
			knownRegions = (
				en,
				Base,
			);
			mainGroup = EC44BCFF1DA28B74006EA3A2;
			productRefGroup = EC44BD091DA28B74006EA3A2 /* Products */;
			projectDirPath = "";
			projectRoot = "";
			targets = (
				EC44BD071DA28B74006EA3A2 /* appnews */,
				EC44BD1B1DA28B74006EA3A2 /* appnewsTests */,
				EC44BD261DA28B74006EA3A2 /* appnewsUITests */,
			);
		};
/* End PBXProject section */

/* Begin PBXResourcesBuildPhase section */
		EC44BD061DA28B74006EA3A2 /* Resources */ = {
			isa = PBXResourcesBuildPhase;
			buildActionMask = 2147483647;
			files = (
				EC44BD161DA28B74006EA3A2 /* LaunchScreen.storyboard in Resources */,
				EC44BD131DA28B74006EA3A2 /* Assets.xcassets in Resources */,
				EC44BD111DA28B74006EA3A2 /* Main.storyboard in Resources */,
			);
			runOnlyForDeploymentPostprocessing = 0;
		};
		EC44BD1A1DA28B74006EA3A2 /* Resources */ = {
			isa = PBXResourcesBuildPhase;
			buildActionMask = 2147483647;
			files = (
			);
			runOnlyForDeploymentPostprocessing = 0;
		};
		EC44BD251DA28B74006EA3A2 /* Resources */ = {
			isa = PBXResourcesBuildPhase;
			buildActionMask = 2147483647;
			files = (
			);
			runOnlyForDeploymentPostprocessing = 0;
		};
/* End PBXResourcesBuildPhase section */

/* Begin PBXShellScriptBuildPhase section */
		0562EF4C443E9F75A11DCA84 /* [CP] Embed Pods Frameworks */ = {
			isa = PBXShellScriptBuildPhase;
			buildActionMask = 2147483647;
			files = (
			);
			inputPaths = (
			);
			name = "[CP] Embed Pods Frameworks";
			outputPaths = (
			);
			runOnlyForDeploymentPostprocessing = 0;
			shellPath = /bin/sh;
			shellScript = "\"${SRCROOT}/Pods/Target Support Files/Pods-appnews/Pods-appnews-frameworks.sh\"\n";
			showEnvVarsInLog = 0;
		};
		7203BE1CD87DBA403E892544 /* [CP] Copy Pods Resources */ = {
			isa = PBXShellScriptBuildPhase;
			buildActionMask = 2147483647;
			files = (
			);
			inputPaths = (
			);
			name = "[CP] Copy Pods Resources";
			outputPaths = (
			);
			runOnlyForDeploymentPostprocessing = 0;
			shellPath = /bin/sh;
			shellScript = "\"${SRCROOT}/Pods/Target Support Files/Pods-appnews/Pods-appnews-resources.sh\"\n";
			showEnvVarsInLog = 0;
		};
		8DAC51A9A4507ACF26AB2BE2 /* [CP] Check Pods Manifest.lock */ = {
			isa = PBXShellScriptBuildPhase;
			buildActionMask = 2147483647;
			files = (
			);
			inputPaths = (
			);
			name = "[CP] Check Pods Manifest.lock";
			outputPaths = (
			);
			runOnlyForDeploymentPostprocessing = 0;
			shellPath = /bin/sh;
			shellScript = "diff \"${PODS_ROOT}/../Podfile.lock\" \"${PODS_ROOT}/Manifest.lock\" > /dev/null\nif [ $? != 0 ] ; then\n    # print error to STDERR\n    echo \"error: The sandbox is not in sync with the Podfile.lock. Run 'pod install' or update your CocoaPods installation.\" >&2\n    exit 1\nfi\n";
			showEnvVarsInLog = 0;
		};
/* End PBXShellScriptBuildPhase section */

/* Begin PBXSourcesBuildPhase section */
		EC44BD041DA28B74006EA3A2 /* Sources */ = {
			isa = PBXSourcesBuildPhase;
			buildActionMask = 2147483647;
			files = (
				EC44BD0E1DA28B74006EA3A2 /* ViewController.swift in Sources */,
				EC6995DB1DA2A10500CEAE27 /* FeedTableViewCell.swift in Sources */,
				ECDC0F231DA3EF1200FFFC26 /* ImageLoader.swift in Sources */,
				EC44BD0C1DA28B74006EA3A2 /* AppDelegate.swift in Sources */,
				ECDC0F261DA3F5BC00FFFC26 /* BreakingViewController.swift in Sources */,
				EC6995E01DA2A86B00CEAE27 /* News.swift in Sources */,
				EC6995DD1DA2A4ED00CEAE27 /* FeedTableViewController.swift in Sources */,
			);
			runOnlyForDeploymentPostprocessing = 0;
		};
		EC44BD181DA28B74006EA3A2 /* Sources */ = {
			isa = PBXSourcesBuildPhase;
			buildActionMask = 2147483647;
			files = (
				EC44BD211DA28B74006EA3A2 /* appnewsTests.swift in Sources */,
			);
			runOnlyForDeploymentPostprocessing = 0;
		};
		EC44BD231DA28B74006EA3A2 /* Sources */ = {
			isa = PBXSourcesBuildPhase;
			buildActionMask = 2147483647;
			files = (
				EC44BD2C1DA28B74006EA3A2 /* appnewsUITests.swift in Sources */,
			);
			runOnlyForDeploymentPostprocessing = 0;
		};
/* End PBXSourcesBuildPhase section */

/* Begin PBXTargetDependency section */
		EC44BD1E1DA28B74006EA3A2 /* PBXTargetDependency */ = {
			isa = PBXTargetDependency;
			target = EC44BD071DA28B74006EA3A2 /* appnews */;
			targetProxy = EC44BD1D1DA28B74006EA3A2 /* PBXContainerItemProxy */;
		};
		EC44BD291DA28B74006EA3A2 /* PBXTargetDependency */ = {
			isa = PBXTargetDependency;
			target = EC44BD071DA28B74006EA3A2 /* appnews */;
			targetProxy = EC44BD281DA28B74006EA3A2 /* PBXContainerItemProxy */;
		};
/* End PBXTargetDependency section */

/* Begin PBXVariantGroup section */
		EC44BD0F1DA28B74006EA3A2 /* Main.storyboard */ = {
			isa = PBXVariantGroup;
			children = (
				EC44BD101DA28B74006EA3A2 /* Base */,
			);
			name = Main.storyboard;
			sourceTree = "<group>";
		};
		EC44BD141DA28B74006EA3A2 /* LaunchScreen.storyboard */ = {
			isa = PBXVariantGroup;
			children = (
				EC44BD151DA28B74006EA3A2 /* Base */,
			);
			name = LaunchScreen.storyboard;
			sourceTree = "<group>";
		};
/* End PBXVariantGroup section */

/* Begin XCBuildConfiguration section */
		EC44BD2E1DA28B74006EA3A2 /* Debug */ = {
			isa = XCBuildConfiguration;
			buildSettings = {
				ALWAYS_SEARCH_USER_PATHS = NO;
				CLANG_ANALYZER_NONNULL = YES;
				CLANG_CXX_LANGUAGE_STANDARD = "gnu++0x";
				CLANG_CXX_LIBRARY = "libc++";
				CLANG_ENABLE_MODULES = YES;
				CLANG_ENABLE_OBJC_ARC = YES;
				CLANG_WARN_BOOL_CONVERSION = YES;
				CLANG_WARN_CONSTANT_CONVERSION = YES;
				CLANG_WARN_DIRECT_OBJC_ISA_USAGE = YES_ERROR;
				CLANG_WARN_EMPTY_BODY = YES;
				CLANG_WARN_ENUM_CONVERSION = YES;
				CLANG_WARN_INT_CONVERSION = YES;
				CLANG_WARN_OBJC_ROOT_CLASS = YES_ERROR;
				CLANG_WARN_UNREACHABLE_CODE = YES;
				CLANG_WARN__DUPLICATE_METHOD_MATCH = YES;
				"CODE_SIGN_IDENTITY[sdk=iphoneos*]" = "iPhone Developer";
				COPY_PHASE_STRIP = NO;
				DEBUG_INFORMATION_FORMAT = dwarf;
				ENABLE_STRICT_OBJC_MSGSEND = YES;
				ENABLE_TESTABILITY = YES;
				GCC_C_LANGUAGE_STANDARD = gnu99;
				GCC_DYNAMIC_NO_PIC = NO;
				GCC_NO_COMMON_BLOCKS = YES;
				GCC_OPTIMIZATION_LEVEL = 0;
				GCC_PREPROCESSOR_DEFINITIONS = (
					"DEBUG=1",
					"$(inherited)",
				);
				GCC_WARN_64_TO_32_BIT_CONVERSION = YES;
				GCC_WARN_ABOUT_RETURN_TYPE = YES_ERROR;
				GCC_WARN_UNDECLARED_SELECTOR = YES;
				GCC_WARN_UNINITIALIZED_AUTOS = YES_AGGRESSIVE;
				GCC_WARN_UNUSED_FUNCTION = YES;
				GCC_WARN_UNUSED_VARIABLE = YES;
				IPHONEOS_DEPLOYMENT_TARGET = 9.3;
				MTL_ENABLE_DEBUG_INFO = YES;
				ONLY_ACTIVE_ARCH = YES;
				SDKROOT = iphoneos;
				SWIFT_OPTIMIZATION_LEVEL = "-Onone";
			};
			name = Debug;
		};
		EC44BD2F1DA28B74006EA3A2 /* Release */ = {
			isa = XCBuildConfiguration;
			buildSettings = {
				ALWAYS_SEARCH_USER_PATHS = NO;
				CLANG_ANALYZER_NONNULL = YES;
				CLANG_CXX_LANGUAGE_STANDARD = "gnu++0x";
				CLANG_CXX_LIBRARY = "libc++";
				CLANG_ENABLE_MODULES = YES;
				CLANG_ENABLE_OBJC_ARC = YES;
				CLANG_WARN_BOOL_CONVERSION = YES;
				CLANG_WARN_CONSTANT_CONVERSION = YES;
				CLANG_WARN_DIRECT_OBJC_ISA_USAGE = YES_ERROR;
				CLANG_WARN_EMPTY_BODY = YES;
				CLANG_WARN_ENUM_CONVERSION = YES;
				CLANG_WARN_INT_CONVERSION = YES;
				CLANG_WARN_OBJC_ROOT_CLASS = YES_ERROR;
				CLANG_WARN_UNREACHABLE_CODE = YES;
				CLANG_WARN__DUPLICATE_METHOD_MATCH = YES;
				"CODE_SIGN_IDENTITY[sdk=iphoneos*]" = "iPhone Developer";
				COPY_PHASE_STRIP = NO;
				DEBUG_INFORMATION_FORMAT = "dwarf-with-dsym";
				ENABLE_NS_ASSERTIONS = NO;
				ENABLE_STRICT_OBJC_MSGSEND = YES;
				GCC_C_LANGUAGE_STANDARD = gnu99;
				GCC_NO_COMMON_BLOCKS = YES;
				GCC_WARN_64_TO_32_BIT_CONVERSION = YES;
				GCC_WARN_ABOUT_RETURN_TYPE = YES_ERROR;
				GCC_WARN_UNDECLARED_SELECTOR = YES;
				GCC_WARN_UNINITIALIZED_AUTOS = YES_AGGRESSIVE;
				GCC_WARN_UNUSED_FUNCTION = YES;
				GCC_WARN_UNUSED_VARIABLE = YES;
				IPHONEOS_DEPLOYMENT_TARGET = 9.3;
				MTL_ENABLE_DEBUG_INFO = NO;
				SDKROOT = iphoneos;
				VALIDATE_PRODUCT = YES;
			};
			name = Release;
		};
		EC44BD311DA28B74006EA3A2 /* Debug */ = {
			isa = XCBuildConfiguration;
			baseConfigurationReference = B2AD5575BFA3681868031DD8 /* Pods-appnews.debug.xcconfig */;
			buildSettings = {
				ASSETCATALOG_COMPILER_APPICON_NAME = AppIcon;
				INFOPLIST_FILE = appnews/Info.plist;
				LD_RUNPATH_SEARCH_PATHS = "$(inherited) @executable_path/Frameworks";
				PRODUCT_BUNDLE_IDENTIFIER = com.tdc.appnews;
				PRODUCT_NAME = "$(TARGET_NAME)";
			};
			name = Debug;
		};
		EC44BD321DA28B74006EA3A2 /* Release */ = {
			isa = XCBuildConfiguration;
			baseConfigurationReference = DA526C2382453309ECDF9B01 /* Pods-appnews.release.xcconfig */;
			buildSettings = {
				ASSETCATALOG_COMPILER_APPICON_NAME = AppIcon;
				INFOPLIST_FILE = appnews/Info.plist;
				LD_RUNPATH_SEARCH_PATHS = "$(inherited) @executable_path/Frameworks";
				PRODUCT_BUNDLE_IDENTIFIER = com.tdc.appnews;
				PRODUCT_NAME = "$(TARGET_NAME)";
			};
			name = Release;
		};
		EC44BD341DA28B74006EA3A2 /* Debug */ = {
			isa = XCBuildConfiguration;
			buildSettings = {
				BUNDLE_LOADER = "$(TEST_HOST)";
				INFOPLIST_FILE = appnewsTests/Info.plist;
				LD_RUNPATH_SEARCH_PATHS = "$(inherited) @executable_path/Frameworks @loader_path/Frameworks";
				PRODUCT_BUNDLE_IDENTIFIER = com.tdc.appnewsTests;
				PRODUCT_NAME = "$(TARGET_NAME)";
				TEST_HOST = "$(BUILT_PRODUCTS_DIR)/appnews.app/appnews";
			};
			name = Debug;
		};
		EC44BD351DA28B74006EA3A2 /* Release */ = {
			isa = XCBuildConfiguration;
			buildSettings = {
				BUNDLE_LOADER = "$(TEST_HOST)";
				INFOPLIST_FILE = appnewsTests/Info.plist;
				LD_RUNPATH_SEARCH_PATHS = "$(inherited) @executable_path/Frameworks @loader_path/Frameworks";
				PRODUCT_BUNDLE_IDENTIFIER = com.tdc.appnewsTests;
				PRODUCT_NAME = "$(TARGET_NAME)";
				TEST_HOST = "$(BUILT_PRODUCTS_DIR)/appnews.app/appnews";
			};
			name = Release;
		};
		EC44BD371DA28B74006EA3A2 /* Debug */ = {
			isa = XCBuildConfiguration;
			buildSettings = {
				INFOPLIST_FILE = appnewsUITests/Info.plist;
				LD_RUNPATH_SEARCH_PATHS = "$(inherited) @executable_path/Frameworks @loader_path/Frameworks";
				PRODUCT_BUNDLE_IDENTIFIER = com.tdc.appnewsUITests;
				PRODUCT_NAME = "$(TARGET_NAME)";
				TEST_TARGET_NAME = appnews;
			};
			name = Debug;
		};
		EC44BD381DA28B74006EA3A2 /* Release */ = {
			isa = XCBuildConfiguration;
			buildSettings = {
				INFOPLIST_FILE = appnewsUITests/Info.plist;
				LD_RUNPATH_SEARCH_PATHS = "$(inherited) @executable_path/Frameworks @loader_path/Frameworks";
				PRODUCT_BUNDLE_IDENTIFIER = com.tdc.appnewsUITests;
				PRODUCT_NAME = "$(TARGET_NAME)";
				TEST_TARGET_NAME = appnews;
			};
			name = Release;
		};
/* End XCBuildConfiguration section */

/* Begin XCConfigurationList section */
		EC44BD031DA28B74006EA3A2 /* Build configuration list for PBXProject "appnews" */ = {
			isa = XCConfigurationList;
			buildConfigurations = (
				EC44BD2E1DA28B74006EA3A2 /* Debug */,
				EC44BD2F1DA28B74006EA3A2 /* Release */,
			);
			defaultConfigurationIsVisible = 0;
			defaultConfigurationName = Release;
		};
		EC44BD301DA28B74006EA3A2 /* Build configuration list for PBXNativeTarget "appnews" */ = {
			isa = XCConfigurationList;
			buildConfigurations = (
				EC44BD311DA28B74006EA3A2 /* Debug */,
				EC44BD321DA28B74006EA3A2 /* Release */,
			);
			defaultConfigurationIsVisible = 0;
			defaultConfigurationName = Release;
		};
		EC44BD331DA28B74006EA3A2 /* Build configuration list for PBXNativeTarget "appnewsTests" */ = {
			isa = XCConfigurationList;
			buildConfigurations = (
				EC44BD341DA28B74006EA3A2 /* Debug */,
				EC44BD351DA28B74006EA3A2 /* Release */,
			);
			defaultConfigurationIsVisible = 0;
			defaultConfigurationName = Release;
		};
		EC44BD361DA28B74006EA3A2 /* Build configuration list for PBXNativeTarget "appnewsUITests" */ = {
			isa = XCConfigurationList;
			buildConfigurations = (
				EC44BD371DA28B74006EA3A2 /* Debug */,
				EC44BD381DA28B74006EA3A2 /* Release */,
			);
			defaultConfigurationIsVisible = 0;
			defaultConfigurationName = Release;
		};
/* End XCConfigurationList section */
	};
	rootObject = EC44BD001DA28B74006EA3A2 /* Project object */;
}
